// !$*UTF8*$!
{
	archiveVersion = 1;
	classes = {
	};
	objectVersion = 46;
	objects = {

/* Begin PBXBuildFile section */
		8429C0DD156A7943000ADD56 /* Test.mm in Sources */ = {isa = PBXBuildFile; fileRef = 8429C0DB156A7943000ADD56 /* Test.mm */; };
		8429C0DE156A7943000ADD56 /* Test.xib in Resources */ = {isa = PBXBuildFile; fileRef = 8429C0DC156A7943000ADD56 /* Test.xib */; };
		845FB20D1520A77400FAB093 /* OpenGL.framework in Frameworks */ = {isa = PBXBuildFile; fileRef = 845FB20C1520A77400FAB093 /* OpenGL.framework */; };
		8483C66D1521C0FB006090CF /* Fluids.mm in Sources */ = {isa = PBXBuildFile; fileRef = 8483C66B1521C0FB006090CF /* Fluids.mm */; };
		8483C66E1521C0FB006090CF /* Fluids.xib in Resources */ = {isa = PBXBuildFile; fileRef = 8483C66C1521C0FB006090CF /* Fluids.xib */; };
		849894B9153C66D200CB89C0 /* BlobLight.mm in Sources */ = {isa = PBXBuildFile; fileRef = 849894B7153C66D200CB89C0 /* BlobLight.mm */; };
		849894BA153C66D200CB89C0 /* BlobLight.xib in Resources */ = {isa = PBXBuildFile; fileRef = 849894B8153C66D200CB89C0 /* BlobLight.xib */; };
		84A17AFA155EB04D0001A650 /* icon.icns in Resources */ = {isa = PBXBuildFile; fileRef = 84A17AF9155EB04D0001A650 /* icon.icns */; };
		84A64CB3152492B3004B2050 /* ofxCocoaPlugins.framework in Frameworks */ = {isa = PBXBuildFile; fileRef = 84A64CB2152492B3004B2050 /* ofxCocoaPlugins.framework */; };
		84A64CB5152492C2004B2050 /* ofxCocoaPlugins.framework in CopyFiles */ = {isa = PBXBuildFile; fileRef = 84A64CB2152492B3004B2050 /* ofxCocoaPlugins.framework */; };
		84AFDC0815209A0A00DB5DEF /* Cocoa.framework in Frameworks */ = {isa = PBXBuildFile; fileRef = 84AFDC0715209A0A00DB5DEF /* Cocoa.framework */; };
		84AFDC1215209A0A00DB5DEF /* InfoPlist.strings in Resources */ = {isa = PBXBuildFile; fileRef = 84AFDC1015209A0A00DB5DEF /* InfoPlist.strings */; };
		84AFDC1415209A0A00DB5DEF /* main.m in Sources */ = {isa = PBXBuildFile; fileRef = 84AFDC1315209A0A00DB5DEF /* main.m */; };
		84AFDC1B15209A0A00DB5DEF /* AppDelegate.mm in Sources */ = {isa = PBXBuildFile; fileRef = 84AFDC1A15209A0A00DB5DEF /* AppDelegate.mm */; };
		84AFDC1E15209A0A00DB5DEF /* MainMenu.xib in Resources */ = {isa = PBXBuildFile; fileRef = 84AFDC1C15209A0A00DB5DEF /* MainMenu.xib */; };
		84AFDC2D15209B3400DB5DEF /* Project.xcconfig in Resources */ = {isa = PBXBuildFile; fileRef = 84AFDC2C15209B3400DB5DEF /* Project.xcconfig */; };
		84DF2EE515385C49001F3C62 /* VerticalMask.png in Resources */ = {isa = PBXBuildFile; fileRef = 84DF2EE415385C49001F3C62 /* VerticalMask.png */; };
		84DF2EE815385EC7001F3C62 /* VerticalMaskWhite.png in Resources */ = {isa = PBXBuildFile; fileRef = 84DF2EE715385EC7001F3C62 /* VerticalMaskWhite.png */; };
		84DF2EEA153864BF001F3C62 /* VerticalMaskBlack.png in Resources */ = {isa = PBXBuildFile; fileRef = 84DF2EE9153864BF001F3C62 /* VerticalMaskBlack.png */; };
		84EA1E1F1521C6E600F91FC8 /* install.xml in Resources */ = {isa = PBXBuildFile; fileRef = 84EA1BAB1521C6E600F91FC8 /* install.xml */; };
		84EA1E201521C6E600F91FC8 /* Color.cpp in Sources */ = {isa = PBXBuildFile; fileRef = 84EA1BB01521C6E600F91FC8 /* Color.cpp */; };
		84EA1E211521C6E600F91FC8 /* MSACoreGL.cpp in Sources */ = {isa = PBXBuildFile; fileRef = 84EA1BB71521C6E600F91FC8 /* MSACoreGL.cpp */; };
		84EA1E2C1521C6E700F91FC8 /* changelog.txt in Resources */ = {isa = PBXBuildFile; fileRef = 84EA1BD91521C6E600F91FC8 /* changelog.txt */; };
		84EA1E4E1521C6E700F91FC8 /* install.xml in Resources */ = {isa = PBXBuildFile; fileRef = 84EA1C241521C6E600F91FC8 /* install.xml */; };
		84EA1E4F1521C6E700F91FC8 /* LICENSE.txt in Resources */ = {isa = PBXBuildFile; fileRef = 84EA1C251521C6E600F91FC8 /* LICENSE.txt */; };
		84EA1E501521C6E700F91FC8 /* MSAFluidDrawerBase.cpp in Sources */ = {isa = PBXBuildFile; fileRef = 84EA1C281521C6E600F91FC8 /* MSAFluidDrawerBase.cpp */; };
		84EA1E511521C6E700F91FC8 /* MSAFluidSolver.cpp in Sources */ = {isa = PBXBuildFile; fileRef = 84EA1C2D1521C6E600F91FC8 /* MSAFluidSolver.cpp */; };
		84EA1E6F1521C6E700F91FC8 /* MSAPerlin.cpp in Sources */ = {isa = PBXBuildFile; fileRef = 84EA1C801521C6E600F91FC8 /* MSAPerlin.cpp */; };
		84EA1E701521C6E700F91FC8 /* changelog.txt in Resources */ = {isa = PBXBuildFile; fileRef = 84EA1C831521C6E600F91FC8 /* changelog.txt */; };
		84EA1E811521C6E700F91FC8 /* install.xml in Resources */ = {isa = PBXBuildFile; fileRef = 84EA1CA71521C6E600F91FC8 /* install.xml */; };
		84EA1E821521C6E700F91FC8 /* LICENSE.txt in Resources */ = {isa = PBXBuildFile; fileRef = 84EA1CA81521C6E600F91FC8 /* LICENSE.txt */; };
		84EA1E8A1521C6E700F91FC8 /* install.xml in Resources */ = {isa = PBXBuildFile; fileRef = 84EA1CCE1521C6E600F91FC8 /* install.xml */; };
		84EA1E8B1521C6E700F91FC8 /* LICENSE.txt in Resources */ = {isa = PBXBuildFile; fileRef = 84EA1CCF1521C6E600F91FC8 /* LICENSE.txt */; };
		84EA1E8C1521C6E700F91FC8 /* MSAUtils.mm in Sources */ = {isa = PBXBuildFile; fileRef = 84EA1CD21521C6E600F91FC8 /* MSAUtils.mm */; };
		84EA1EC11521C6E700F91FC8 /* README.txt in Resources */ = {isa = PBXBuildFile; fileRef = 84EA1D521521C6E600F91FC8 /* README.txt */; };
		84EA1EE91521C90500F91FC8 /* changelog.txt in Resources */ = {isa = PBXBuildFile; fileRef = 84EA1EDA1521C90500F91FC8 /* changelog.txt */; };
		84EA1EEC1521C90500F91FC8 /* install.xml in Resources */ = {isa = PBXBuildFile; fileRef = 84EA1EE41521C90500F91FC8 /* install.xml */; };
		84EA1EED1521C90500F91FC8 /* LICENSE.txt in Resources */ = {isa = PBXBuildFile; fileRef = 84EA1EE51521C90500F91FC8 /* LICENSE.txt */; };
		84EA1EEE1521C90500F91FC8 /* MSAObjCPointer.cpp in Sources */ = {isa = PBXBuildFile; fileRef = 84EA1EE71521C90500F91FC8 /* MSAObjCPointer.cpp */; };
/* End PBXBuildFile section */

/* Begin PBXCopyFilesBuildPhase section */
		845FB20E1520AB7500FAB093 /* CopyFiles */ = {
			isa = PBXCopyFilesBuildPhase;
			buildActionMask = 2147483647;
			dstPath = "";
			dstSubfolderSpec = 10;
			files = (
				84A64CB5152492C2004B2050 /* ofxCocoaPlugins.framework in CopyFiles */,
			);
			runOnlyForDeploymentPostprocessing = 0;
		};
/* End PBXCopyFilesBuildPhase section */

/* Begin PBXFileReference section */
		8429C0DA156A7943000ADD56 /* Test.h */ = {isa = PBXFileReference; fileEncoding = 4; lastKnownFileType = sourcecode.c.h; path = Test.h; sourceTree = "<group>"; };
		8429C0DB156A7943000ADD56 /* Test.mm */ = {isa = PBXFileReference; fileEncoding = 4; lastKnownFileType = sourcecode.cpp.objcpp; path = Test.mm; sourceTree = "<group>"; };
		8429C0DC156A7943000ADD56 /* Test.xib */ = {isa = PBXFileReference; fileEncoding = 4; lastKnownFileType = file.xib; path = Test.xib; sourceTree = "<group>"; };
		845FB20C1520A77400FAB093 /* OpenGL.framework */ = {isa = PBXFileReference; lastKnownFileType = wrapper.framework; name = OpenGL.framework; path = System/Library/Frameworks/OpenGL.framework; sourceTree = SDKROOT; };
		8483C66A1521C0FB006090CF /* Fluids.h */ = {isa = PBXFileReference; fileEncoding = 4; lastKnownFileType = sourcecode.c.h; path = Fluids.h; sourceTree = "<group>"; };
		8483C66B1521C0FB006090CF /* Fluids.mm */ = {isa = PBXFileReference; fileEncoding = 4; lastKnownFileType = sourcecode.cpp.objcpp; path = Fluids.mm; sourceTree = "<group>"; };
		8483C66C1521C0FB006090CF /* Fluids.xib */ = {isa = PBXFileReference; fileEncoding = 4; lastKnownFileType = file.xib; path = Fluids.xib; sourceTree = "<group>"; };
		849894B6153C66D200CB89C0 /* BlobLight.h */ = {isa = PBXFileReference; fileEncoding = 4; lastKnownFileType = sourcecode.c.h; path = BlobLight.h; sourceTree = "<group>"; };
		849894B7153C66D200CB89C0 /* BlobLight.mm */ = {isa = PBXFileReference; fileEncoding = 4; lastKnownFileType = sourcecode.cpp.objcpp; path = BlobLight.mm; sourceTree = "<group>"; };
		849894B8153C66D200CB89C0 /* BlobLight.xib */ = {isa = PBXFileReference; fileEncoding = 4; lastKnownFileType = file.xib; path = BlobLight.xib; sourceTree = "<group>"; };
		84A17AF9155EB04D0001A650 /* icon.icns */ = {isa = PBXFileReference; lastKnownFileType = image.icns; path = icon.icns; sourceTree = "<group>"; };
		84A64CB2152492B3004B2050 /* ofxCocoaPlugins.framework */ = {isa = PBXFileReference; lastKnownFileType = wrapper.framework; name = ofxCocoaPlugins.framework; path = ofxCocoaPlugins/build/Debug/ofxCocoaPlugins.framework; sourceTree = "<group>"; };
		84AFDC0315209A0A00DB5DEF /* DEW.app */ = {isa = PBXFileReference; explicitFileType = wrapper.application; includeInIndex = 0; path = DEW.app; sourceTree = BUILT_PRODUCTS_DIR; };
		84AFDC0715209A0A00DB5DEF /* Cocoa.framework */ = {isa = PBXFileReference; lastKnownFileType = wrapper.framework; name = Cocoa.framework; path = System/Library/Frameworks/Cocoa.framework; sourceTree = SDKROOT; };
		84AFDC0A15209A0A00DB5DEF /* AppKit.framework */ = {isa = PBXFileReference; lastKnownFileType = wrapper.framework; name = AppKit.framework; path = System/Library/Frameworks/AppKit.framework; sourceTree = SDKROOT; };
		84AFDC0B15209A0A00DB5DEF /* CoreData.framework */ = {isa = PBXFileReference; lastKnownFileType = wrapper.framework; name = CoreData.framework; path = System/Library/Frameworks/CoreData.framework; sourceTree = SDKROOT; };
		84AFDC0C15209A0A00DB5DEF /* Foundation.framework */ = {isa = PBXFileReference; lastKnownFileType = wrapper.framework; name = Foundation.framework; path = System/Library/Frameworks/Foundation.framework; sourceTree = SDKROOT; };
		84AFDC0F15209A0A00DB5DEF /* DEW-Info.plist */ = {isa = PBXFileReference; lastKnownFileType = text.plist.xml; path = "DEW-Info.plist"; sourceTree = "<group>"; };
		84AFDC1115209A0A00DB5DEF /* en */ = {isa = PBXFileReference; lastKnownFileType = text.plist.strings; name = en; path = en.lproj/InfoPlist.strings; sourceTree = "<group>"; };
		84AFDC1315209A0A00DB5DEF /* main.m */ = {isa = PBXFileReference; lastKnownFileType = sourcecode.c.objc; path = main.m; sourceTree = "<group>"; };
		84AFDC1515209A0A00DB5DEF /* DEW-Prefix.pch */ = {isa = PBXFileReference; lastKnownFileType = sourcecode.c.h; path = "DEW-Prefix.pch"; sourceTree = "<group>"; };
		84AFDC1915209A0A00DB5DEF /* AppDelegate.h */ = {isa = PBXFileReference; lastKnownFileType = sourcecode.c.h; path = AppDelegate.h; sourceTree = "<group>"; };
		84AFDC1A15209A0A00DB5DEF /* AppDelegate.mm */ = {isa = PBXFileReference; lastKnownFileType = sourcecode.cpp.objcpp; path = AppDelegate.mm; sourceTree = "<group>"; };
		84AFDC1D15209A0A00DB5DEF /* en */ = {isa = PBXFileReference; lastKnownFileType = file.xib; name = en; path = en.lproj/MainMenu.xib; sourceTree = "<group>"; };
		84AFDC2C15209B3400DB5DEF /* Project.xcconfig */ = {isa = PBXFileReference; fileEncoding = 4; lastKnownFileType = text.xcconfig; path = Project.xcconfig; sourceTree = "<group>"; };
		84DF2EE415385C49001F3C62 /* VerticalMask.png */ = {isa = PBXFileReference; lastKnownFileType = image.png; path = VerticalMask.png; sourceTree = "<group>"; };
		84DF2EE715385EC7001F3C62 /* VerticalMaskWhite.png */ = {isa = PBXFileReference; lastKnownFileType = image.png; path = VerticalMaskWhite.png; sourceTree = "<group>"; };
		84DF2EE9153864BF001F3C62 /* VerticalMaskBlack.png */ = {isa = PBXFileReference; lastKnownFileType = image.png; path = VerticalMaskBlack.png; sourceTree = "<group>"; };
		84EA1BAB1521C6E600F91FC8 /* install.xml */ = {isa = PBXFileReference; fileEncoding = 4; lastKnownFileType = text.xml; path = install.xml; sourceTree = "<group>"; };
		84EA1BAE1521C6E600F91FC8 /* ChanTraits.h */ = {isa = PBXFileReference; fileEncoding = 4; lastKnownFileType = sourcecode.c.h; path = ChanTraits.h; sourceTree = "<group>"; };
		84EA1BAF1521C6E600F91FC8 /* CinderMath.h */ = {isa = PBXFileReference; fileEncoding = 4; lastKnownFileType = sourcecode.c.h; path = CinderMath.h; sourceTree = "<group>"; };
		84EA1BB01521C6E600F91FC8 /* Color.cpp */ = {isa = PBXFileReference; fileEncoding = 4; lastKnownFileType = sourcecode.cpp.cpp; path = Color.cpp; sourceTree = "<group>"; };
		84EA1BB11521C6E600F91FC8 /* Color.h */ = {isa = PBXFileReference; fileEncoding = 4; lastKnownFileType = sourcecode.c.h; path = Color.h; sourceTree = "<group>"; };
		84EA1BB21521C6E600F91FC8 /* Vector.h */ = {isa = PBXFileReference; fileEncoding = 4; lastKnownFileType = sourcecode.c.h; path = Vector.h; sourceTree = "<group>"; };
		84EA1BB31521C6E600F91FC8 /* MSACore-Cinder.h */ = {isa = PBXFileReference; fileEncoding = 4; lastKnownFileType = sourcecode.c.h; path = "MSACore-Cinder.h"; sourceTree = "<group>"; };
		84EA1BB41521C6E600F91FC8 /* MSACore-OF.h */ = {isa = PBXFileReference; fileEncoding = 4; lastKnownFileType = sourcecode.c.h; path = "MSACore-OF.h"; sourceTree = "<group>"; };
		84EA1BB61521C6E600F91FC8 /* MSACoreCommon.h */ = {isa = PBXFileReference; fileEncoding = 4; lastKnownFileType = sourcecode.c.h; path = MSACoreCommon.h; sourceTree = "<group>"; };
		84EA1BB71521C6E600F91FC8 /* MSACoreGL.cpp */ = {isa = PBXFileReference; fileEncoding = 4; lastKnownFileType = sourcecode.cpp.cpp; path = MSACoreGL.cpp; sourceTree = "<group>"; };
		84EA1BB81521C6E600F91FC8 /* MSACoreGL.h */ = {isa = PBXFileReference; fileEncoding = 4; lastKnownFileType = sourcecode.c.h; path = MSACoreGL.h; sourceTree = "<group>"; };
		84EA1BB91521C6E600F91FC8 /* MSACoreMath.h */ = {isa = PBXFileReference; fileEncoding = 4; lastKnownFileType = sourcecode.c.h; path = MSACoreMath.h; sourceTree = "<group>"; };
		84EA1BD91521C6E600F91FC8 /* changelog.txt */ = {isa = PBXFileReference; fileEncoding = 4; lastKnownFileType = text; path = changelog.txt; sourceTree = "<group>"; };
		84EA1C241521C6E600F91FC8 /* install.xml */ = {isa = PBXFileReference; fileEncoding = 4; lastKnownFileType = text.xml; path = install.xml; sourceTree = "<group>"; };
		84EA1C251521C6E600F91FC8 /* LICENSE.txt */ = {isa = PBXFileReference; fileEncoding = 4; lastKnownFileType = text; path = LICENSE.txt; sourceTree = "<group>"; };
		84EA1C271521C6E600F91FC8 /* MSAFluid.h */ = {isa = PBXFileReference; fileEncoding = 4; lastKnownFileType = sourcecode.c.h; path = MSAFluid.h; sourceTree = "<group>"; };
		84EA1C281521C6E600F91FC8 /* MSAFluidDrawerBase.cpp */ = {isa = PBXFileReference; fileEncoding = 4; lastKnownFileType = sourcecode.cpp.cpp; path = MSAFluidDrawerBase.cpp; sourceTree = "<group>"; };
		84EA1C291521C6E600F91FC8 /* MSAFluidDrawerBase.h */ = {isa = PBXFileReference; fileEncoding = 4; lastKnownFileType = sourcecode.c.h; path = MSAFluidDrawerBase.h; sourceTree = "<group>"; };
		84EA1C2A1521C6E600F91FC8 /* MSAFluidDrawerGl-Cinder.h */ = {isa = PBXFileReference; fileEncoding = 4; lastKnownFileType = sourcecode.c.h; path = "MSAFluidDrawerGl-Cinder.h"; sourceTree = "<group>"; };
		84EA1C2B1521C6E600F91FC8 /* MSAFluidDrawerGl-OF.h */ = {isa = PBXFileReference; fileEncoding = 4; lastKnownFileType = sourcecode.c.h; path = "MSAFluidDrawerGl-OF.h"; sourceTree = "<group>"; };
		84EA1C2C1521C6E600F91FC8 /* MSAFluidParticleUpdater.h */ = {isa = PBXFileReference; fileEncoding = 4; lastKnownFileType = sourcecode.c.h; path = MSAFluidParticleUpdater.h; sourceTree = "<group>"; };
		84EA1C2D1521C6E600F91FC8 /* MSAFluidSolver.cpp */ = {isa = PBXFileReference; fileEncoding = 4; lastKnownFileType = sourcecode.cpp.cpp; path = MSAFluidSolver.cpp; sourceTree = "<group>"; };
		84EA1C2E1521C6E600F91FC8 /* MSAFluidSolver.h */ = {isa = PBXFileReference; fileEncoding = 4; lastKnownFileType = sourcecode.c.h; path = MSAFluidSolver.h; sourceTree = "<group>"; };
		84EA1C801521C6E600F91FC8 /* MSAPerlin.cpp */ = {isa = PBXFileReference; fileEncoding = 4; lastKnownFileType = sourcecode.cpp.cpp; path = MSAPerlin.cpp; sourceTree = "<group>"; };
		84EA1C811521C6E600F91FC8 /* MSAPerlin.h */ = {isa = PBXFileReference; fileEncoding = 4; lastKnownFileType = sourcecode.c.h; path = MSAPerlin.h; sourceTree = "<group>"; };
		84EA1C831521C6E600F91FC8 /* changelog.txt */ = {isa = PBXFileReference; fileEncoding = 4; lastKnownFileType = text; path = changelog.txt; sourceTree = "<group>"; };
		84EA1CA71521C6E600F91FC8 /* install.xml */ = {isa = PBXFileReference; fileEncoding = 4; lastKnownFileType = text.xml; path = install.xml; sourceTree = "<group>"; };
		84EA1CA81521C6E600F91FC8 /* LICENSE.txt */ = {isa = PBXFileReference; fileEncoding = 4; lastKnownFileType = text; path = LICENSE.txt; sourceTree = "<group>"; };
		84EA1CAA1521C6E600F91FC8 /* MSAPhysics.h */ = {isa = PBXFileReference; fileEncoding = 4; lastKnownFileType = sourcecode.c.h; path = MSAPhysics.h; sourceTree = "<group>"; };
		84EA1CAB1521C6E600F91FC8 /* MSAPhysics2D.h */ = {isa = PBXFileReference; fileEncoding = 4; lastKnownFileType = sourcecode.c.h; path = MSAPhysics2D.h; sourceTree = "<group>"; };
		84EA1CAC1521C6E600F91FC8 /* MSAPhysics3D.h */ = {isa = PBXFileReference; fileEncoding = 4; lastKnownFileType = sourcecode.c.h; path = MSAPhysics3D.h; sourceTree = "<group>"; };
		84EA1CAD1521C6E600F91FC8 /* MSAPhysicsAttraction.h */ = {isa = PBXFileReference; fileEncoding = 4; lastKnownFileType = sourcecode.c.h; path = MSAPhysicsAttraction.h; sourceTree = "<group>"; };
		84EA1CAE1521C6E600F91FC8 /* MSAPhysicsCallbacks.h */ = {isa = PBXFileReference; fileEncoding = 4; lastKnownFileType = sourcecode.c.h; path = MSAPhysicsCallbacks.h; sourceTree = "<group>"; };
		84EA1CAF1521C6E600F91FC8 /* MSAPhysicsConstraint.h */ = {isa = PBXFileReference; fileEncoding = 4; lastKnownFileType = sourcecode.c.h; path = MSAPhysicsConstraint.h; sourceTree = "<group>"; };
		84EA1CB01521C6E600F91FC8 /* MSAPhysicsDataRecorder.h */ = {isa = PBXFileReference; fileEncoding = 4; lastKnownFileType = sourcecode.c.h; path = MSAPhysicsDataRecorder.h; sourceTree = "<group>"; };
		84EA1CB11521C6E600F91FC8 /* MSAPhysicsParams.h */ = {isa = PBXFileReference; fileEncoding = 4; lastKnownFileType = sourcecode.c.h; path = MSAPhysicsParams.h; sourceTree = "<group>"; };
		84EA1CB21521C6E600F91FC8 /* MSAPhysicsParticle.h */ = {isa = PBXFileReference; fileEncoding = 4; lastKnownFileType = sourcecode.c.h; path = MSAPhysicsParticle.h; sourceTree = "<group>"; };
		84EA1CB31521C6E600F91FC8 /* MSAPhysicsParticleDrawer.h */ = {isa = PBXFileReference; fileEncoding = 4; lastKnownFileType = sourcecode.c.h; path = MSAPhysicsParticleDrawer.h; sourceTree = "<group>"; };
		84EA1CB41521C6E600F91FC8 /* MSAPhysicsParticleUpdater.h */ = {isa = PBXFileReference; fileEncoding = 4; lastKnownFileType = sourcecode.c.h; path = MSAPhysicsParticleUpdater.h; sourceTree = "<group>"; };
		84EA1CB51521C6E600F91FC8 /* MSAPhysicsSector.h */ = {isa = PBXFileReference; fileEncoding = 4; lastKnownFileType = sourcecode.c.h; path = MSAPhysicsSector.h; sourceTree = "<group>"; };
		84EA1CB61521C6E600F91FC8 /* MSAPhysicsSpring.h */ = {isa = PBXFileReference; fileEncoding = 4; lastKnownFileType = sourcecode.c.h; path = MSAPhysicsSpring.h; sourceTree = "<group>"; };
		84EA1CB71521C6E600F91FC8 /* MSAPhysicsWorld.h */ = {isa = PBXFileReference; fileEncoding = 4; lastKnownFileType = sourcecode.c.h; path = MSAPhysicsWorld.h; sourceTree = "<group>"; };
		84EA1CBA1521C6E600F91FC8 /* MSAPingPong.h */ = {isa = PBXFileReference; fileEncoding = 4; lastKnownFileType = sourcecode.c.h; path = MSAPingPong.h; sourceTree = "<group>"; };
		84EA1CCE1521C6E600F91FC8 /* install.xml */ = {isa = PBXFileReference; fileEncoding = 4; lastKnownFileType = text.xml; path = install.xml; sourceTree = "<group>"; };
		84EA1CCF1521C6E600F91FC8 /* LICENSE.txt */ = {isa = PBXFileReference; fileEncoding = 4; lastKnownFileType = text; path = LICENSE.txt; sourceTree = "<group>"; };
		84EA1CD11521C6E600F91FC8 /* MSAUtils.h */ = {isa = PBXFileReference; fileEncoding = 4; lastKnownFileType = sourcecode.c.h; path = MSAUtils.h; sourceTree = "<group>"; };
		84EA1CD21521C6E600F91FC8 /* MSAUtils.mm */ = {isa = PBXFileReference; fileEncoding = 4; lastKnownFileType = sourcecode.cpp.objcpp; path = MSAUtils.mm; sourceTree = "<group>"; };
		84EA1D521521C6E600F91FC8 /* README.txt */ = {isa = PBXFileReference; fileEncoding = 4; lastKnownFileType = text; path = README.txt; sourceTree = "<group>"; };
		84EA1ED81521C7C100F91FC8 /* MSACore.h */ = {isa = PBXFileReference; lastKnownFileType = sourcecode.c.h; path = MSACore.h; sourceTree = "<group>"; };
		84EA1EDA1521C90500F91FC8 /* changelog.txt */ = {isa = PBXFileReference; fileEncoding = 4; lastKnownFileType = text; path = changelog.txt; sourceTree = "<group>"; };
		84EA1EE41521C90500F91FC8 /* install.xml */ = {isa = PBXFileReference; fileEncoding = 4; lastKnownFileType = text.xml; path = install.xml; sourceTree = "<group>"; };
		84EA1EE51521C90500F91FC8 /* LICENSE.txt */ = {isa = PBXFileReference; fileEncoding = 4; lastKnownFileType = text; path = LICENSE.txt; sourceTree = "<group>"; };
		84EA1EE71521C90500F91FC8 /* MSAObjCPointer.cpp */ = {isa = PBXFileReference; fileEncoding = 4; lastKnownFileType = sourcecode.cpp.cpp; path = MSAObjCPointer.cpp; sourceTree = "<group>"; };
		84EA1EE81521C90500F91FC8 /* MSAObjCPointer.h */ = {isa = PBXFileReference; fileEncoding = 4; lastKnownFileType = sourcecode.c.h; path = MSAObjCPointer.h; sourceTree = "<group>"; };
/* End PBXFileReference section */

/* Begin PBXFrameworksBuildPhase section */
		84AFDC0015209A0A00DB5DEF /* Frameworks */ = {
			isa = PBXFrameworksBuildPhase;
			buildActionMask = 2147483647;
			files = (
				845FB20D1520A77400FAB093 /* OpenGL.framework in Frameworks */,
				84AFDC0815209A0A00DB5DEF /* Cocoa.framework in Frameworks */,
				84A64CB3152492B3004B2050 /* ofxCocoaPlugins.framework in Frameworks */,
			);
			runOnlyForDeploymentPostprocessing = 0;
		};
/* End PBXFrameworksBuildPhase section */

/* Begin PBXGroup section */
		8483C6691521C0E5006090CF /* Plugins */ = {
			isa = PBXGroup;
			children = (
				8483C66A1521C0FB006090CF /* Fluids.h */,
				8483C66B1521C0FB006090CF /* Fluids.mm */,
				8483C66C1521C0FB006090CF /* Fluids.xib */,
				849894B6153C66D200CB89C0 /* BlobLight.h */,
				849894B7153C66D200CB89C0 /* BlobLight.mm */,
				849894B8153C66D200CB89C0 /* BlobLight.xib */,
				8429C0DA156A7943000ADD56 /* Test.h */,
				8429C0DB156A7943000ADD56 /* Test.mm */,
				8429C0DC156A7943000ADD56 /* Test.xib */,
			);
			name = Plugins;
			path = DEW/Plugins;
			sourceTree = "<group>";
		};
		84AFDBF815209A0A00DB5DEF = {
			isa = PBXGroup;
			children = (
				84A17AF9155EB04D0001A650 /* icon.icns */,
				84DF2EE315385C49001F3C62 /* Assets */,
				84A64CB2152492B3004B2050 /* ofxCocoaPlugins.framework */,
				84AFDC2C15209B3400DB5DEF /* Project.xcconfig */,
				84EA19EA1521C6E600F91FC8 /* Addons */,
				8483C6691521C0E5006090CF /* Plugins */,
				84AFDC0D15209A0A00DB5DEF /* DEW */,
				84AFDC0615209A0A00DB5DEF /* Frameworks */,
				84AFDC0415209A0A00DB5DEF /* Products */,
			);
			sourceTree = "<group>";
		};
		84AFDC0415209A0A00DB5DEF /* Products */ = {
			isa = PBXGroup;
			children = (
				84AFDC0315209A0A00DB5DEF /* DEW.app */,
			);
			name = Products;
			sourceTree = "<group>";
		};
		84AFDC0615209A0A00DB5DEF /* Frameworks */ = {
			isa = PBXGroup;
			children = (
				845FB20C1520A77400FAB093 /* OpenGL.framework */,
				84AFDC0715209A0A00DB5DEF /* Cocoa.framework */,
				84AFDC0915209A0A00DB5DEF /* Other Frameworks */,
			);
			name = Frameworks;
			sourceTree = "<group>";
		};
		84AFDC0915209A0A00DB5DEF /* Other Frameworks */ = {
			isa = PBXGroup;
			children = (
				84AFDC0A15209A0A00DB5DEF /* AppKit.framework */,
				84AFDC0B15209A0A00DB5DEF /* CoreData.framework */,
				84AFDC0C15209A0A00DB5DEF /* Foundation.framework */,
			);
			name = "Other Frameworks";
			sourceTree = "<group>";
		};
		84AFDC0D15209A0A00DB5DEF /* DEW */ = {
			isa = PBXGroup;
			children = (
				84AFDC1915209A0A00DB5DEF /* AppDelegate.h */,
				84AFDC1A15209A0A00DB5DEF /* AppDelegate.mm */,
				84AFDC1C15209A0A00DB5DEF /* MainMenu.xib */,
				84AFDC0E15209A0A00DB5DEF /* Supporting Files */,
			);
			path = DEW;
			sourceTree = "<group>";
		};
		84AFDC0E15209A0A00DB5DEF /* Supporting Files */ = {
			isa = PBXGroup;
			children = (
				84AFDC0F15209A0A00DB5DEF /* DEW-Info.plist */,
				84AFDC1015209A0A00DB5DEF /* InfoPlist.strings */,
				84AFDC1315209A0A00DB5DEF /* main.m */,
				84AFDC1515209A0A00DB5DEF /* DEW-Prefix.pch */,
			);
			name = "Supporting Files";
			sourceTree = "<group>";
		};
		84DF2EE315385C49001F3C62 /* Assets */ = {
			isa = PBXGroup;
			children = (
				84DF2EE415385C49001F3C62 /* VerticalMask.png */,
				84DF2EE715385EC7001F3C62 /* VerticalMaskWhite.png */,
				84DF2EE9153864BF001F3C62 /* VerticalMaskBlack.png */,
			);
			path = Assets;
			sourceTree = "<group>";
		};
		84EA19EA1521C6E600F91FC8 /* Addons */ = {
			isa = PBXGroup;
			children = (
				84EA19EB1521C6E600F91FC8 /* MSA */,
			);
			path = Addons;
			sourceTree = "<group>";
		};
		84EA19EB1521C6E600F91FC8 /* MSA */ = {
			isa = PBXGroup;
			children = (
				84EA1BAA1521C6E600F91FC8 /* MSACore */,
				84EA1BD81521C6E600F91FC8 /* MSAFluid */,
				84EA1C7E1521C6E600F91FC8 /* MSAPerlin */,
				84EA1C821521C6E600F91FC8 /* MSAPhysics */,
				84EA1CB81521C6E600F91FC8 /* MSAPingPong */,
				84EA1CCD1521C6E600F91FC8 /* MSAUtils */,
				84EA1ED91521C90500F91FC8 /* MSAObjCPointer */,
				84EA1D521521C6E600F91FC8 /* README.txt */,
			);
			path = MSA;
			sourceTree = "<group>";
		};
		84EA1BAA1521C6E600F91FC8 /* MSACore */ = {
			isa = PBXGroup;
			children = (
				84EA1BAB1521C6E600F91FC8 /* install.xml */,
				84EA1BAC1521C6E600F91FC8 /* src */,
			);
			path = MSACore;
			sourceTree = "<group>";
		};
		84EA1BAC1521C6E600F91FC8 /* src */ = {
			isa = PBXGroup;
			children = (
				84EA1BAD1521C6E600F91FC8 /* cinder-lite */,
				84EA1ED81521C7C100F91FC8 /* MSACore.h */,
				84EA1BB31521C6E600F91FC8 /* MSACore-Cinder.h */,
				84EA1BB41521C6E600F91FC8 /* MSACore-OF.h */,
				84EA1BB61521C6E600F91FC8 /* MSACoreCommon.h */,
				84EA1BB71521C6E600F91FC8 /* MSACoreGL.cpp */,
				84EA1BB81521C6E600F91FC8 /* MSACoreGL.h */,
				84EA1BB91521C6E600F91FC8 /* MSACoreMath.h */,
			);
			path = src;
			sourceTree = "<group>";
		};
		84EA1BAD1521C6E600F91FC8 /* cinder-lite */ = {
			isa = PBXGroup;
			children = (
				84EA1BAE1521C6E600F91FC8 /* ChanTraits.h */,
				84EA1BAF1521C6E600F91FC8 /* CinderMath.h */,
				84EA1BB01521C6E600F91FC8 /* Color.cpp */,
				84EA1BB11521C6E600F91FC8 /* Color.h */,
				84EA1BB21521C6E600F91FC8 /* Vector.h */,
			);
			path = "cinder-lite";
			sourceTree = "<group>";
		};
		84EA1BD81521C6E600F91FC8 /* MSAFluid */ = {
			isa = PBXGroup;
			children = (
				84EA1BD91521C6E600F91FC8 /* changelog.txt */,
				84EA1C241521C6E600F91FC8 /* install.xml */,
				84EA1C251521C6E600F91FC8 /* LICENSE.txt */,
				84EA1C261521C6E600F91FC8 /* src */,
			);
			path = MSAFluid;
			sourceTree = "<group>";
		};
		84EA1C261521C6E600F91FC8 /* src */ = {
			isa = PBXGroup;
			children = (
				84EA1C271521C6E600F91FC8 /* MSAFluid.h */,
				84EA1C281521C6E600F91FC8 /* MSAFluidDrawerBase.cpp */,
				84EA1C291521C6E600F91FC8 /* MSAFluidDrawerBase.h */,
				84EA1C2A1521C6E600F91FC8 /* MSAFluidDrawerGl-Cinder.h */,
				84EA1C2B1521C6E600F91FC8 /* MSAFluidDrawerGl-OF.h */,
				84EA1C2C1521C6E600F91FC8 /* MSAFluidParticleUpdater.h */,
				84EA1C2D1521C6E600F91FC8 /* MSAFluidSolver.cpp */,
				84EA1C2E1521C6E600F91FC8 /* MSAFluidSolver.h */,
			);
			path = src;
			sourceTree = "<group>";
		};
		84EA1C7E1521C6E600F91FC8 /* MSAPerlin */ = {
			isa = PBXGroup;
			children = (
				84EA1C7F1521C6E600F91FC8 /* src */,
			);
			path = MSAPerlin;
			sourceTree = "<group>";
		};
		84EA1C7F1521C6E600F91FC8 /* src */ = {
			isa = PBXGroup;
			children = (
				84EA1C801521C6E600F91FC8 /* MSAPerlin.cpp */,
				84EA1C811521C6E600F91FC8 /* MSAPerlin.h */,
			);
			path = src;
			sourceTree = "<group>";
		};
		84EA1C821521C6E600F91FC8 /* MSAPhysics */ = {
			isa = PBXGroup;
			children = (
				84EA1C831521C6E600F91FC8 /* changelog.txt */,
				84EA1CA71521C6E600F91FC8 /* install.xml */,
				84EA1CA81521C6E600F91FC8 /* LICENSE.txt */,
				84EA1CA91521C6E600F91FC8 /* src */,
			);
			path = MSAPhysics;
			sourceTree = "<group>";
		};
		84EA1CA91521C6E600F91FC8 /* src */ = {
			isa = PBXGroup;
			children = (
				84EA1CAA1521C6E600F91FC8 /* MSAPhysics.h */,
				84EA1CAB1521C6E600F91FC8 /* MSAPhysics2D.h */,
				84EA1CAC1521C6E600F91FC8 /* MSAPhysics3D.h */,
				84EA1CAD1521C6E600F91FC8 /* MSAPhysicsAttraction.h */,
				84EA1CAE1521C6E600F91FC8 /* MSAPhysicsCallbacks.h */,
				84EA1CAF1521C6E600F91FC8 /* MSAPhysicsConstraint.h */,
				84EA1CB01521C6E600F91FC8 /* MSAPhysicsDataRecorder.h */,
				84EA1CB11521C6E600F91FC8 /* MSAPhysicsParams.h */,
				84EA1CB21521C6E600F91FC8 /* MSAPhysicsParticle.h */,
				84EA1CB31521C6E600F91FC8 /* MSAPhysicsParticleDrawer.h */,
				84EA1CB41521C6E600F91FC8 /* MSAPhysicsParticleUpdater.h */,
				84EA1CB51521C6E600F91FC8 /* MSAPhysicsSector.h */,
				84EA1CB61521C6E600F91FC8 /* MSAPhysicsSpring.h */,
				84EA1CB71521C6E600F91FC8 /* MSAPhysicsWorld.h */,
			);
			path = src;
			sourceTree = "<group>";
		};
		84EA1CB81521C6E600F91FC8 /* MSAPingPong */ = {
			isa = PBXGroup;
			children = (
				84EA1CB91521C6E600F91FC8 /* src */,
			);
			path = MSAPingPong;
			sourceTree = "<group>";
		};
		84EA1CB91521C6E600F91FC8 /* src */ = {
			isa = PBXGroup;
			children = (
				84EA1CBA1521C6E600F91FC8 /* MSAPingPong.h */,
			);
			path = src;
			sourceTree = "<group>";
		};
		84EA1CCD1521C6E600F91FC8 /* MSAUtils */ = {
			isa = PBXGroup;
			children = (
				84EA1CCE1521C6E600F91FC8 /* install.xml */,
				84EA1CCF1521C6E600F91FC8 /* LICENSE.txt */,
				84EA1CD01521C6E600F91FC8 /* src */,
			);
			path = MSAUtils;
			sourceTree = "<group>";
		};
		84EA1CD01521C6E600F91FC8 /* src */ = {
			isa = PBXGroup;
			children = (
				84EA1CD11521C6E600F91FC8 /* MSAUtils.h */,
				84EA1CD21521C6E600F91FC8 /* MSAUtils.mm */,
			);
			path = src;
			sourceTree = "<group>";
		};
		84EA1ED91521C90500F91FC8 /* MSAObjCPointer */ = {
			isa = PBXGroup;
			children = (
				84EA1EDA1521C90500F91FC8 /* changelog.txt */,
				84EA1EE41521C90500F91FC8 /* install.xml */,
				84EA1EE51521C90500F91FC8 /* LICENSE.txt */,
				84EA1EE61521C90500F91FC8 /* src */,
			);
			path = MSAObjCPointer;
			sourceTree = "<group>";
		};
		84EA1EE61521C90500F91FC8 /* src */ = {
			isa = PBXGroup;
			children = (
				84EA1EE71521C90500F91FC8 /* MSAObjCPointer.cpp */,
				84EA1EE81521C90500F91FC8 /* MSAObjCPointer.h */,
			);
			path = src;
			sourceTree = "<group>";
		};
/* End PBXGroup section */

/* Begin PBXNativeTarget section */
		84AFDC0215209A0A00DB5DEF /* DEW */ = {
			isa = PBXNativeTarget;
			buildConfigurationList = 84AFDC2115209A0A00DB5DEF /* Build configuration list for PBXNativeTarget "DEW" */;
			buildPhases = (
				84AFDBFF15209A0A00DB5DEF /* Sources */,
				84AFDC0015209A0A00DB5DEF /* Frameworks */,
				84AFDC0115209A0A00DB5DEF /* Resources */,
				845FB20E1520AB7500FAB093 /* CopyFiles */,
			);
			buildRules = (
			);
			dependencies = (
			);
			name = DEW;
			productName = DEW;
			productReference = 84AFDC0315209A0A00DB5DEF /* DEW.app */;
			productType = "com.apple.product-type.application";
		};
/* End PBXNativeTarget section */

/* Begin PBXProject section */
		84AFDBFA15209A0A00DB5DEF /* Project object */ = {
			isa = PBXProject;
			attributes = {
				LastUpgradeCheck = 0430;
			};
			buildConfigurationList = 84AFDBFD15209A0A00DB5DEF /* Build configuration list for PBXProject "DEW" */;
			compatibilityVersion = "Xcode 3.2";
			developmentRegion = English;
			hasScannedForEncodings = 0;
			knownRegions = (
				en,
			);
			mainGroup = 84AFDBF815209A0A00DB5DEF;
			productRefGroup = 84AFDC0415209A0A00DB5DEF /* Products */;
			projectDirPath = "";
			projectRoot = "";
			targets = (
				84AFDC0215209A0A00DB5DEF /* DEW */,
			);
		};
/* End PBXProject section */

/* Begin PBXResourcesBuildPhase section */
		84AFDC0115209A0A00DB5DEF /* Resources */ = {
			isa = PBXResourcesBuildPhase;
			buildActionMask = 2147483647;
			files = (
				84AFDC1215209A0A00DB5DEF /* InfoPlist.strings in Resources */,
				84AFDC1E15209A0A00DB5DEF /* MainMenu.xib in Resources */,
				84AFDC2D15209B3400DB5DEF /* Project.xcconfig in Resources */,
				8483C66E1521C0FB006090CF /* Fluids.xib in Resources */,
				84EA1E1F1521C6E600F91FC8 /* install.xml in Resources */,
				84EA1E2C1521C6E700F91FC8 /* changelog.txt in Resources */,
				84EA1E4E1521C6E700F91FC8 /* install.xml in Resources */,
				84EA1E4F1521C6E700F91FC8 /* LICENSE.txt in Resources */,
				84EA1E701521C6E700F91FC8 /* changelog.txt in Resources */,
				84EA1E811521C6E700F91FC8 /* install.xml in Resources */,
				84EA1E821521C6E700F91FC8 /* LICENSE.txt in Resources */,
				84EA1E8A1521C6E700F91FC8 /* install.xml in Resources */,
				84EA1E8B1521C6E700F91FC8 /* LICENSE.txt in Resources */,
				84EA1EC11521C6E700F91FC8 /* README.txt in Resources */,
				84EA1EE91521C90500F91FC8 /* changelog.txt in Resources */,
				84EA1EEC1521C90500F91FC8 /* install.xml in Resources */,
				84EA1EED1521C90500F91FC8 /* LICENSE.txt in Resources */,
				84DF2EE515385C49001F3C62 /* VerticalMask.png in Resources */,
				84DF2EE815385EC7001F3C62 /* VerticalMaskWhite.png in Resources */,
				84DF2EEA153864BF001F3C62 /* VerticalMaskBlack.png in Resources */,
				849894BA153C66D200CB89C0 /* BlobLight.xib in Resources */,
				84A17AFA155EB04D0001A650 /* icon.icns in Resources */,
				8429C0DE156A7943000ADD56 /* Test.xib in Resources */,
			);
			runOnlyForDeploymentPostprocessing = 0;
		};
/* End PBXResourcesBuildPhase section */

/* Begin PBXSourcesBuildPhase section */
		84AFDBFF15209A0A00DB5DEF /* Sources */ = {
			isa = PBXSourcesBuildPhase;
			buildActionMask = 2147483647;
			files = (
				84AFDC1415209A0A00DB5DEF /* main.m in Sources */,
				84AFDC1B15209A0A00DB5DEF /* AppDelegate.mm in Sources */,
				8483C66D1521C0FB006090CF /* Fluids.mm in Sources */,
				84EA1E201521C6E600F91FC8 /* Color.cpp in Sources */,
				84EA1E211521C6E600F91FC8 /* MSACoreGL.cpp in Sources */,
				84EA1E501521C6E700F91FC8 /* MSAFluidDrawerBase.cpp in Sources */,
				84EA1E511521C6E700F91FC8 /* MSAFluidSolver.cpp in Sources */,
				84EA1E6F1521C6E700F91FC8 /* MSAPerlin.cpp in Sources */,
				84EA1E8C1521C6E700F91FC8 /* MSAUtils.mm in Sources */,
				84EA1EEE1521C90500F91FC8 /* MSAObjCPointer.cpp in Sources */,
				849894B9153C66D200CB89C0 /* BlobLight.mm in Sources */,
				8429C0DD156A7943000ADD56 /* Test.mm in Sources */,
			);
			runOnlyForDeploymentPostprocessing = 0;
		};
/* End PBXSourcesBuildPhase section */

/* Begin PBXVariantGroup section */
		84AFDC1015209A0A00DB5DEF /* InfoPlist.strings */ = {
			isa = PBXVariantGroup;
			children = (
				84AFDC1115209A0A00DB5DEF /* en */,
			);
			name = InfoPlist.strings;
			sourceTree = "<group>";
		};
		84AFDC1C15209A0A00DB5DEF /* MainMenu.xib */ = {
			isa = PBXVariantGroup;
			children = (
				84AFDC1D15209A0A00DB5DEF /* en */,
			);
			name = MainMenu.xib;
			sourceTree = "<group>";
		};
/* End PBXVariantGroup section */

/* Begin XCBuildConfiguration section */
		84AFDC1F15209A0A00DB5DEF /* Debug */ = {
			isa = XCBuildConfiguration;
			baseConfigurationReference = 84AFDC2C15209B3400DB5DEF /* Project.xcconfig */;
			buildSettings = {
				ALWAYS_SEARCH_USER_PATHS = NO;
				ARCHS = "$(ARCHS_STANDARD_32_BIT)";
				COPY_PHASE_STRIP = NO;
				GCC_C_LANGUAGE_STANDARD = gnu99;
				GCC_DYNAMIC_NO_PIC = NO;
				GCC_ENABLE_OBJC_EXCEPTIONS = YES;
				GCC_OPTIMIZATION_LEVEL = 0;
				GCC_PREPROCESSOR_DEFINITIONS = (
					"DEBUG=1",
					"$(inherited)",
				);
				GCC_SYMBOLS_PRIVATE_EXTERN = NO;
				GCC_VERSION = com.apple.compilers.llvm.clang.1_0;
				GCC_WARN_64_TO_32_BIT_CONVERSION = YES;
				GCC_WARN_ABOUT_RETURN_TYPE = YES;
				GCC_WARN_UNINITIALIZED_AUTOS = YES;
				GCC_WARN_UNUSED_VARIABLE = YES;
				MACOSX_DEPLOYMENT_TARGET = 10.7;
				ONLY_ACTIVE_ARCH = YES;
				SDKROOT = macosx;
			};
			name = Debug;
		};
		84AFDC2015209A0A00DB5DEF /* Release */ = {
			isa = XCBuildConfiguration;
			baseConfigurationReference = 84AFDC2C15209B3400DB5DEF /* Project.xcconfig */;
			buildSettings = {
				ALWAYS_SEARCH_USER_PATHS = NO;
				ARCHS = "$(ARCHS_STANDARD_32_BIT)";
				COPY_PHASE_STRIP = YES;
				DEBUG_INFORMATION_FORMAT = "dwarf-with-dsym";
				GCC_C_LANGUAGE_STANDARD = gnu99;
				GCC_ENABLE_OBJC_EXCEPTIONS = YES;
				GCC_VERSION = com.apple.compilers.llvm.clang.1_0;
				GCC_WARN_64_TO_32_BIT_CONVERSION = YES;
				GCC_WARN_ABOUT_RETURN_TYPE = YES;
				GCC_WARN_UNINITIALIZED_AUTOS = YES;
				GCC_WARN_UNUSED_VARIABLE = YES;
				MACOSX_DEPLOYMENT_TARGET = 10.7;
				SDKROOT = macosx;
			};
			name = Release;
		};
		84AFDC2215209A0A00DB5DEF /* Debug */ = {
			isa = XCBuildConfiguration;
			buildSettings = {
				FRAMEWORK_SEARCH_PATHS = (
					"$(inherited)",
					"\"$(SRCROOT)/../../../../Library/Developer/Xcode/DerivedData/DEW-ezvputjuauvbykashinnkcobfngm/Build/Products/Debug\"",
					"\"$(SRCROOT)/../../../Library/Developer/Xcode/DerivedData/DEW-ezvputjuauvbykashinnkcobfngm/Build/Products/Debug\"",
					"\"$(SRCROOT)/ofxCocoaPlugins/build/Debug\"",
				);
				GCC_OPTIMIZATION_LEVEL = 3;
				GCC_PRECOMPILE_PREFIX_HEADER = YES;
				GCC_PREFIX_HEADER = "";
				GCC_PREPROCESSOR_DEFINITIONS = (
					"DEBUG=1",
					"$(inherited)",
					"MSA_HOST_OPENFRAMEWORKS=1",
				);
				INFOPLIST_FILE = "DEW/DEW-Info.plist";
				OTHER_LDFLAGS = (
					"-Wl,-search_paths_first",
					"-Wl,-headerpad_max_install_names",
					"$(OF_CORE_LIBS)",
				);
				PRODUCT_NAME = "$(TARGET_NAME)";
				WRAPPER_EXTENSION = app;
			};
			name = Debug;
		};
		84AFDC2315209A0A00DB5DEF /* Release */ = {
			isa = XCBuildConfiguration;
			buildSettings = {
				FRAMEWORK_SEARCH_PATHS = (
					"$(inherited)",
					"\"$(SRCROOT)/../../../../Library/Developer/Xcode/DerivedData/DEW-ezvputjuauvbykashinnkcobfngm/Build/Products/Debug\"",
					"\"$(SRCROOT)/../../../Library/Developer/Xcode/DerivedData/DEW-ezvputjuauvbykashinnkcobfngm/Build/Products/Debug\"",
					"\"$(SRCROOT)/ofxCocoaPlugins/build/Debug\"",
				);
				GCC_PRECOMPILE_PREFIX_HEADER = YES;
				GCC_PREFIX_HEADER = "";
				GCC_PREPROCESSOR_DEFINITIONS = "MSA_HOST_OPENFRAMEWORKS=1";
				INFOPLIST_FILE = "DEW/DEW-Info.plist";
				OTHER_LDFLAGS = (
					"-Wl,-search_paths_first",
					"-Wl,-headerpad_max_install_names",
					"$(OF_CORE_LIBS)",
				);
				PRODUCT_NAME = "$(TARGET_NAME)";
				WRAPPER_EXTENSION = app;
			};
			name = Release;
		};
/* End XCBuildConfiguration section */

/* Begin XCConfigurationList section */
		84AFDBFD15209A0A00DB5DEF /* Build configuration list for PBXProject "DEW" */ = {
			isa = XCConfigurationList;
			buildConfigurations = (
				84AFDC1F15209A0A00DB5DEF /* Debug */,
				84AFDC2015209A0A00DB5DEF /* Release */,
			);
			defaultConfigurationIsVisible = 0;
			defaultConfigurationName = Release;
		};
		84AFDC2115209A0A00DB5DEF /* Build configuration list for PBXNativeTarget "DEW" */ = {
			isa = XCConfigurationList;
			buildConfigurations = (
				84AFDC2215209A0A00DB5DEF /* Debug */,
				84AFDC2315209A0A00DB5DEF /* Release */,
			);
			defaultConfigurationIsVisible = 0;
			defaultConfigurationName = Release;
		};
/* End XCConfigurationList section */
	};
	rootObject = 84AFDBFA15209A0A00DB5DEF /* Project object */;
}
